
Microsoft Visual Studio Solution File, Format Version 12.00
# Visual Studio Version 16
VisualStudioVersion = 16.0.31424.327
MinimumVisualStudioVersion = 10.0.40219.1
Project("{FAE04EC0-301F-11D3-BF4B-00C04F79EFBC}") = "Task-7", "Task-7.csproj", "{F10B450F-568D-4EB1-8C40-35091AC63724}"
EndProject
Global
	GlobalSection(SolutionConfigurationPlatforms) = preSolution
		Debug|Any CPU = Debug|Any CPU
		Release|Any CPU = Release|Any CPU
	EndGlobalSection
	GlobalSection(ProjectConfigurationPlatforms) = postSolution
		{F10B450F-568D-4EB1-8C40-35091AC63724}.Debug|Any CPU.ActiveCfg = Debug|Any CPU
		{F10B450F-568D-4EB1-8C40-35091AC63724}.Debug|Any CPU.Build.0 = Debug|Any CPU
		{F10B450F-568D-4EB1-8C40-35091AC63724}.Release|Any CPU.ActiveCfg = Release|Any CPU
		{F10B450F-568D-4EB1-8C40-35091AC63724}.Release|Any CPU.Build.0 = Release|Any CPU
	EndGlobalSection
	GlobalSection(SolutionProperties) = preSolution
		HideSolutionNode = FALSE
	EndGlobalSection
	GlobalSection(ExtensibilityGlobals) = postSolution
		SolutionGuid = {A9914999-9EE2-4CDB-B09E-8D161D761717}
	EndGlobalSection
EndGlobal
